
Microsoft Visual Studio Solution File, Format Version 12.00
Project("{FAE04EC0-301F-11D3-BF4B-00C04F79EFBC}") = "Module_9", "Module_9\Module_9.csproj", "{50CFF604-B853-440B-BF1C-E31E1B2234E7}"
EndProject
Global
	GlobalSection(SolutionConfigurationPlatforms) = preSolution
		Debug|Any CPU = Debug|Any CPU
		Release|Any CPU = Release|Any CPU
	EndGlobalSection
	GlobalSection(ProjectConfigurationPlatforms) = postSolution
		{50CFF604-B853-440B-BF1C-E31E1B2234E7}.Debug|Any CPU.ActiveCfg = Debug|Any CPU
		{50CFF604-B853-440B-BF1C-E31E1B2234E7}.Debug|Any CPU.Build.0 = Debug|Any CPU
		{50CFF604-B853-440B-BF1C-E31E1B2234E7}.Release|Any CPU.ActiveCfg = Release|Any CPU
		{50CFF604-B853-440B-BF1C-E31E1B2234E7}.Release|Any CPU.Build.0 = Release|Any CPU
	EndGlobalSection
EndGlobal
